
Microsoft Visual Studio Solution File, Format Version 12.00
# Visual Studio Version 17
VisualStudioVersion = 17.0.31611.283
MinimumVisualStudioVersion = 10.0.40219.1
EndProject
Project("{F2A71F9B-5D33-465A-A702-920D77279786}") = "BlindfoldChessTraining", "BlindfoldChessTraining.fsproj", "{F67AAAB8-1EF5-4602-9E54-46851BEF031B}"
EndProject
Project("{F2A71F9B-5D33-465A-A702-920D77279786}") = "BlindfoldChessMechanics", "BlindfoldChessMechanics\BlindfoldChessMechanics.fsproj", "{F5A78FE1-974F-4E8C-90D5-BD0E30586A1A}"
EndProject
Project("{F2A71F9B-5D33-465A-A702-920D77279786}") = "BlindfoldChessTest", "BlindfoldChessTest\BlindfoldChessTest.fsproj", "{F8EF81BC-EAD1-4632-A9F4-945880B7C007}"
EndProject
Global
	GlobalSection(SolutionConfigurationPlatforms) = preSolution
		Debug|Any CPU = Debug|Any CPU
		Release|Any CPU = Release|Any CPU
	EndGlobalSection
	GlobalSection(ProjectConfigurationPlatforms) = postSolution
		{F67AAAB8-1EF5-4602-9E54-46851BEF031B}.Debug|Any CPU.ActiveCfg = Debug|Any CPU
		{F67AAAB8-1EF5-4602-9E54-46851BEF031B}.Debug|Any CPU.Build.0 = Debug|Any CPU
		{F67AAAB8-1EF5-4602-9E54-46851BEF031B}.Debug|Any CPU.Deploy.0 = Debug|Any CPU
		{F67AAAB8-1EF5-4602-9E54-46851BEF031B}.Release|Any CPU.ActiveCfg = Release|Any CPU
		{F67AAAB8-1EF5-4602-9E54-46851BEF031B}.Release|Any CPU.Build.0 = Release|Any CPU
		{F67AAAB8-1EF5-4602-9E54-46851BEF031B}.Release|Any CPU.Deploy.0 = Release|Any CPU
		{F5A78FE1-974F-4E8C-90D5-BD0E30586A1A}.Debug|Any CPU.ActiveCfg = Debug|Any CPU
		{F5A78FE1-974F-4E8C-90D5-BD0E30586A1A}.Debug|Any CPU.Build.0 = Debug|Any CPU
		{F5A78FE1-974F-4E8C-90D5-BD0E30586A1A}.Release|Any CPU.ActiveCfg = Release|Any CPU
		{F5A78FE1-974F-4E8C-90D5-BD0E30586A1A}.Release|Any CPU.Build.0 = Release|Any CPU
		{F8EF81BC-EAD1-4632-A9F4-945880B7C007}.Debug|Any CPU.ActiveCfg = Debug|Any CPU
		{F8EF81BC-EAD1-4632-A9F4-945880B7C007}.Debug|Any CPU.Build.0 = Debug|Any CPU
		{F8EF81BC-EAD1-4632-A9F4-945880B7C007}.Release|Any CPU.ActiveCfg = Release|Any CPU
		{F8EF81BC-EAD1-4632-A9F4-945880B7C007}.Release|Any CPU.Build.0 = Release|Any CPU
	EndGlobalSection
	GlobalSection(SolutionProperties) = preSolution
		HideSolutionNode = FALSE
	EndGlobalSection
	GlobalSection(ExtensibilityGlobals) = postSolution
		SolutionGuid = {61F7FB11-1E47-470C-91E2-47F8143E1572}
	EndGlobalSection
EndGlobal
