
Microsoft Visual Studio Solution File, Format Version 12.00
# Visual Studio Version 17
VisualStudioVersion = 17.5.33516.290
MinimumVisualStudioVersion = 10.0.40219.1
Project("{6EC3EE1D-3C4E-46DD-8F32-0CC8E7565705}") = "BlindfoldChessTraining", "BlindfoldChessTraining\BlindfoldChessTraining.fsproj", "{320AF623-E750-443F-BAA8-48A6A0E79754}"
EndProject
Project("{F2A71F9B-5D33-465A-A702-920D77279786}") = "BlindfoldChessTraining.iOS", "BlindfoldChessTraining.iOS\BlindfoldChessTraining.iOS.fsproj", "{1C87CD95-658F-465F-B425-78FBDD7BDFF3}"
EndProject
Project("{F2A71F9B-5D33-465A-A702-920D77279786}") = "BlindfoldChessTraining.Android", "BlindfoldChessTraining.Android\BlindfoldChessTraining.Android.fsproj", "{5B5BD9BC-5CD1-4188-AC7F-3B3B6312B26F}"
EndProject
Project("{F2A71F9B-5D33-465A-A702-920D77279786}") = "BlindfoldChessMechanics", "BlindfoldChessMechanics\BlindfoldChessMechanics.fsproj", "{36FCE655-DD92-44DE-8229-A66CB2022D73}"
EndProject
Project("{F2A71F9B-5D33-465A-A702-920D77279786}") = "BlindfoldChessTest", "BlindfoldChessTest\BlindfoldChessTest.fsproj", "{9E0694CD-AB95-49C0-B040-C8C8FD78A292}"
EndProject
Global
	GlobalSection(SolutionConfigurationPlatforms) = preSolution
		Debug|Any CPU = Debug|Any CPU
		Release|Any CPU = Release|Any CPU
	EndGlobalSection
	GlobalSection(ProjectConfigurationPlatforms) = postSolution
		{320AF623-E750-443F-BAA8-48A6A0E79754}.Debug|Any CPU.ActiveCfg = Debug|Any CPU
		{320AF623-E750-443F-BAA8-48A6A0E79754}.Debug|Any CPU.Build.0 = Debug|Any CPU
		{320AF623-E750-443F-BAA8-48A6A0E79754}.Release|Any CPU.ActiveCfg = Release|Any CPU
		{320AF623-E750-443F-BAA8-48A6A0E79754}.Release|Any CPU.Build.0 = Release|Any CPU
		{5B5BD9BC-5CD1-4188-AC7F-3B3B6312B26F}.Debug|Any CPU.ActiveCfg = Debug|Any CPU
		{5B5BD9BC-5CD1-4188-AC7F-3B3B6312B26F}.Debug|Any CPU.Build.0 = Debug|Any CPU
		{5B5BD9BC-5CD1-4188-AC7F-3B3B6312B26F}.Debug|Any CPU.Deploy.0 = Debug|Any CPU
		{5B5BD9BC-5CD1-4188-AC7F-3B3B6312B26F}.Release|Any CPU.ActiveCfg = Release|Any CPU
		{5B5BD9BC-5CD1-4188-AC7F-3B3B6312B26F}.Release|Any CPU.Build.0 = Release|Any CPU
		{5B5BD9BC-5CD1-4188-AC7F-3B3B6312B26F}.Release|Any CPU.Deploy.0 = Release|Any CPU
		{36FCE655-DD92-44DE-8229-A66CB2022D73}.Debug|Any CPU.ActiveCfg = Debug|Any CPU
		{36FCE655-DD92-44DE-8229-A66CB2022D73}.Debug|Any CPU.Build.0 = Debug|Any CPU
		{36FCE655-DD92-44DE-8229-A66CB2022D73}.Release|Any CPU.ActiveCfg = Release|Any CPU
		{36FCE655-DD92-44DE-8229-A66CB2022D73}.Release|Any CPU.Build.0 = Release|Any CPU
		{9E0694CD-AB95-49C0-B040-C8C8FD78A292}.Debug|Any CPU.ActiveCfg = Debug|Any CPU
		{9E0694CD-AB95-49C0-B040-C8C8FD78A292}.Debug|Any CPU.Build.0 = Debug|Any CPU
		{9E0694CD-AB95-49C0-B040-C8C8FD78A292}.Release|Any CPU.ActiveCfg = Release|Any CPU
		{9E0694CD-AB95-49C0-B040-C8C8FD78A292}.Release|Any CPU.Build.0 = Release|Any CPU
	EndGlobalSection
	GlobalSection(SolutionProperties) = preSolution
		HideSolutionNode = FALSE
	EndGlobalSection
EndGlobal
