
Microsoft Visual Studio Solution File, Format Version 12.00
# Visual Studio 15
VisualStudioVersion = 15.0.26730.10
MinimumVisualStudioVersion = 10.0.40219.1

Project("{6EC3EE1D-3C4E-46DD-8F32-0CC8E7565705}") = "BlindfoldChessTraining", "BlindfoldChessTraining\BlindfoldChessTraining.fsproj", "{80B018F4-A681-4D00-A1CA-D28E82C36328}"
EndProject

Project("{F2A71F9B-5D33-465A-A702-920D77279786}") = "BlindfoldChessTraining.Android", "BlindfoldChessTraining.Android\BlindfoldChessTraining.Android.fsproj", "{BC4191E6-23D1-46B7-B2D1-DF5F44F082C2}"
EndProject


Project("{F2A71F9B-5D33-465A-A702-920D77279786}") = "BlindfoldChessTraining.iOS", "BlindfoldChessTraining.iOS\BlindfoldChessTraining.iOS.fsproj", "{0AD4448E-44F0-4FD5-8778-E86D634AF214}"
EndProject




Global
	GlobalSection(SolutionConfigurationPlatforms) = preSolution
		Ad-Hoc|Any CPU = Ad-Hoc|Any CPU
		Ad-Hoc|ARM = Ad-Hoc|ARM
		Ad-Hoc|iPhone = Ad-Hoc|iPhone
		Ad-Hoc|iPhoneSimulator = Ad-Hoc|iPhoneSimulator
		Ad-Hoc|x64 = Ad-Hoc|x64
		Ad-Hoc|x86 = Ad-Hoc|x86
		AppStore|Any CPU = AppStore|Any CPU
		AppStore|ARM = AppStore|ARM
		AppStore|iPhone = AppStore|iPhone
		AppStore|iPhoneSimulator = AppStore|iPhoneSimulator
		AppStore|x64 = AppStore|x64
		AppStore|x86 = AppStore|x86
		Debug|Any CPU = Debug|Any CPU
		Debug|ARM = Debug|ARM
		Debug|iPhone = Debug|iPhone
		Debug|iPhoneSimulator = Debug|iPhoneSimulator
		Debug|x64 = Debug|x64
		Debug|x86 = Debug|x86
		Release|Any CPU = Release|Any CPU
		Release|ARM = Release|ARM
		Release|iPhone = Release|iPhone
		Release|iPhoneSimulator = Release|iPhoneSimulator
		Release|x64 = Release|x64
		Release|x86 = Release|x86
	EndGlobalSection
	GlobalSection(ProjectConfigurationPlatforms) = postSolution
		{80B018F4-A681-4D00-A1CA-D28E82C36328}.Ad-Hoc|Any CPU.ActiveCfg = Debug|Any CPU
		{80B018F4-A681-4D00-A1CA-D28E82C36328}.Ad-Hoc|Any CPU.Build.0 = Debug|Any CPU
		{80B018F4-A681-4D00-A1CA-D28E82C36328}.Ad-Hoc|ARM.ActiveCfg = Debug|Any CPU
		{80B018F4-A681-4D00-A1CA-D28E82C36328}.Ad-Hoc|ARM.Build.0 = Debug|Any CPU
		{80B018F4-A681-4D00-A1CA-D28E82C36328}.Ad-Hoc|iPhone.ActiveCfg = Debug|Any CPU
		{80B018F4-A681-4D00-A1CA-D28E82C36328}.Ad-Hoc|iPhone.Build.0 = Debug|Any CPU
		{80B018F4-A681-4D00-A1CA-D28E82C36328}.Ad-Hoc|iPhoneSimulator.ActiveCfg = Debug|Any CPU
		{80B018F4-A681-4D00-A1CA-D28E82C36328}.Ad-Hoc|iPhoneSimulator.Build.0 = Debug|Any CPU
		{80B018F4-A681-4D00-A1CA-D28E82C36328}.Ad-Hoc|x64.ActiveCfg = Debug|Any CPU
		{80B018F4-A681-4D00-A1CA-D28E82C36328}.Ad-Hoc|x64.Build.0 = Debug|Any CPU
		{80B018F4-A681-4D00-A1CA-D28E82C36328}.Ad-Hoc|x86.ActiveCfg = Debug|Any CPU
		{80B018F4-A681-4D00-A1CA-D28E82C36328}.Ad-Hoc|x86.Build.0 = Debug|Any CPU
		{80B018F4-A681-4D00-A1CA-D28E82C36328}.AppStore|Any CPU.ActiveCfg = Debug|Any CPU
		{80B018F4-A681-4D00-A1CA-D28E82C36328}.AppStore|Any CPU.Build.0 = Debug|Any CPU
		{80B018F4-A681-4D00-A1CA-D28E82C36328}.AppStore|ARM.ActiveCfg = Debug|Any CPU
		{80B018F4-A681-4D00-A1CA-D28E82C36328}.AppStore|ARM.Build.0 = Debug|Any CPU
		{80B018F4-A681-4D00-A1CA-D28E82C36328}.AppStore|iPhone.ActiveCfg = Debug|Any CPU
		{80B018F4-A681-4D00-A1CA-D28E82C36328}.AppStore|iPhone.Build.0 = Debug|Any CPU
		{80B018F4-A681-4D00-A1CA-D28E82C36328}.AppStore|iPhoneSimulator.ActiveCfg = Debug|Any CPU
		{80B018F4-A681-4D00-A1CA-D28E82C36328}.AppStore|iPhoneSimulator.Build.0 = Debug|Any CPU
		{80B018F4-A681-4D00-A1CA-D28E82C36328}.AppStore|x64.ActiveCfg = Debug|Any CPU
		{80B018F4-A681-4D00-A1CA-D28E82C36328}.AppStore|x64.Build.0 = Debug|Any CPU
		{80B018F4-A681-4D00-A1CA-D28E82C36328}.AppStore|x86.ActiveCfg = Debug|Any CPU
		{80B018F4-A681-4D00-A1CA-D28E82C36328}.AppStore|x86.Build.0 = Debug|Any CPU
		{80B018F4-A681-4D00-A1CA-D28E82C36328}.Debug|Any CPU.ActiveCfg = Debug|Any CPU
		{80B018F4-A681-4D00-A1CA-D28E82C36328}.Debug|Any CPU.Build.0 = Debug|Any CPU
		{80B018F4-A681-4D00-A1CA-D28E82C36328}.Debug|ARM.ActiveCfg = Debug|Any CPU
		{80B018F4-A681-4D00-A1CA-D28E82C36328}.Debug|ARM.Build.0 = Debug|Any CPU
		{80B018F4-A681-4D00-A1CA-D28E82C36328}.Debug|iPhone.ActiveCfg = Debug|Any CPU
		{80B018F4-A681-4D00-A1CA-D28E82C36328}.Debug|iPhone.Build.0 = Debug|Any CPU
		{80B018F4-A681-4D00-A1CA-D28E82C36328}.Debug|iPhoneSimulator.ActiveCfg = Debug|Any CPU
		{80B018F4-A681-4D00-A1CA-D28E82C36328}.Debug|iPhoneSimulator.Build.0 = Debug|Any CPU
		{80B018F4-A681-4D00-A1CA-D28E82C36328}.Debug|x64.ActiveCfg = Debug|Any CPU
		{80B018F4-A681-4D00-A1CA-D28E82C36328}.Debug|x64.Build.0 = Debug|Any CPU
		{80B018F4-A681-4D00-A1CA-D28E82C36328}.Debug|x86.ActiveCfg = Debug|Any CPU
		{80B018F4-A681-4D00-A1CA-D28E82C36328}.Debug|x86.Build.0 = Debug|Any CPU
		{80B018F4-A681-4D00-A1CA-D28E82C36328}.Release|Any CPU.ActiveCfg = Release|Any CPU
		{80B018F4-A681-4D00-A1CA-D28E82C36328}.Release|Any CPU.Build.0 = Release|Any CPU
		{80B018F4-A681-4D00-A1CA-D28E82C36328}.Release|ARM.ActiveCfg = Release|Any CPU
		{80B018F4-A681-4D00-A1CA-D28E82C36328}.Release|ARM.Build.0 = Release|Any CPU
		{80B018F4-A681-4D00-A1CA-D28E82C36328}.Release|iPhone.ActiveCfg = Release|Any CPU
		{80B018F4-A681-4D00-A1CA-D28E82C36328}.Release|iPhone.Build.0 = Release|Any CPU
		{80B018F4-A681-4D00-A1CA-D28E82C36328}.Release|iPhoneSimulator.ActiveCfg = Release|Any CPU
		{80B018F4-A681-4D00-A1CA-D28E82C36328}.Release|iPhoneSimulator.Build.0 = Release|Any CPU
		{80B018F4-A681-4D00-A1CA-D28E82C36328}.Release|x64.ActiveCfg = Release|Any CPU
		{80B018F4-A681-4D00-A1CA-D28E82C36328}.Release|x64.Build.0 = Release|Any CPU
		{80B018F4-A681-4D00-A1CA-D28E82C36328}.Release|x86.ActiveCfg = Release|Any CPU
		{80B018F4-A681-4D00-A1CA-D28E82C36328}.Release|x86.Build.0 = Release|Any CPU
		{0AD4448E-44F0-4FD5-8778-E86D634AF214}.Ad-Hoc|Any CPU.ActiveCfg = Ad-Hoc|iPhone
		{0AD4448E-44F0-4FD5-8778-E86D634AF214}.Ad-Hoc|ARM.ActiveCfg = Ad-Hoc|iPhone
		{0AD4448E-44F0-4FD5-8778-E86D634AF214}.Ad-Hoc|iPhone.ActiveCfg = Ad-Hoc|iPhone
		{0AD4448E-44F0-4FD5-8778-E86D634AF214}.Ad-Hoc|iPhone.Build.0 = Ad-Hoc|iPhone
		{0AD4448E-44F0-4FD5-8778-E86D634AF214}.Ad-Hoc|iPhoneSimulator.ActiveCfg = Ad-Hoc|iPhoneSimulator
		{0AD4448E-44F0-4FD5-8778-E86D634AF214}.Ad-Hoc|iPhoneSimulator.Build.0 = Ad-Hoc|iPhoneSimulator
		{0AD4448E-44F0-4FD5-8778-E86D634AF214}.Ad-Hoc|x64.ActiveCfg = Ad-Hoc|iPhone
		{0AD4448E-44F0-4FD5-8778-E86D634AF214}.Ad-Hoc|x86.ActiveCfg = Ad-Hoc|iPhone
		{0AD4448E-44F0-4FD5-8778-E86D634AF214}.AppStore|Any CPU.ActiveCfg = AppStore|iPhone
		{0AD4448E-44F0-4FD5-8778-E86D634AF214}.AppStore|ARM.ActiveCfg = AppStore|iPhone
		{0AD4448E-44F0-4FD5-8778-E86D634AF214}.AppStore|iPhone.ActiveCfg = AppStore|iPhone
		{0AD4448E-44F0-4FD5-8778-E86D634AF214}.AppStore|iPhone.Build.0 = AppStore|iPhone
		{0AD4448E-44F0-4FD5-8778-E86D634AF214}.AppStore|iPhoneSimulator.ActiveCfg = AppStore|iPhoneSimulator
		{0AD4448E-44F0-4FD5-8778-E86D634AF214}.AppStore|iPhoneSimulator.Build.0 = AppStore|iPhoneSimulator
		{0AD4448E-44F0-4FD5-8778-E86D634AF214}.AppStore|x64.ActiveCfg = AppStore|iPhone
		{0AD4448E-44F0-4FD5-8778-E86D634AF214}.AppStore|x86.ActiveCfg = AppStore|iPhone
		{0AD4448E-44F0-4FD5-8778-E86D634AF214}.Debug|Any CPU.ActiveCfg = Debug|iPhone
		{0AD4448E-44F0-4FD5-8778-E86D634AF214}.Debug|ARM.ActiveCfg = Debug|iPhone
		{0AD4448E-44F0-4FD5-8778-E86D634AF214}.Debug|iPhone.ActiveCfg = Debug|iPhone
		{0AD4448E-44F0-4FD5-8778-E86D634AF214}.Debug|iPhone.Build.0 = Debug|iPhone
		{0AD4448E-44F0-4FD5-8778-E86D634AF214}.Debug|iPhoneSimulator.ActiveCfg = Debug|iPhoneSimulator
		{0AD4448E-44F0-4FD5-8778-E86D634AF214}.Debug|iPhoneSimulator.Build.0 = Debug|iPhoneSimulator
		{0AD4448E-44F0-4FD5-8778-E86D634AF214}.Debug|x64.ActiveCfg = Debug|iPhone
		{0AD4448E-44F0-4FD5-8778-E86D634AF214}.Debug|x86.ActiveCfg = Debug|iPhone
		{0AD4448E-44F0-4FD5-8778-E86D634AF214}.Release|Any CPU.ActiveCfg = Release|iPhone
		{0AD4448E-44F0-4FD5-8778-E86D634AF214}.Release|ARM.ActiveCfg = Release|iPhone
		{0AD4448E-44F0-4FD5-8778-E86D634AF214}.Release|iPhone.ActiveCfg = Release|iPhone
		{0AD4448E-44F0-4FD5-8778-E86D634AF214}.Release|iPhone.Build.0 = Release|iPhone
		{0AD4448E-44F0-4FD5-8778-E86D634AF214}.Release|iPhoneSimulator.ActiveCfg = Release|iPhoneSimulator
		{0AD4448E-44F0-4FD5-8778-E86D634AF214}.Release|iPhoneSimulator.Build.0 = Release|iPhoneSimulator
		{0AD4448E-44F0-4FD5-8778-E86D634AF214}.Release|x64.ActiveCfg = Release|iPhone
		{0AD4448E-44F0-4FD5-8778-E86D634AF214}.Release|x86.ActiveCfg = Release|iPhone
		{3367ECE8-93FB-40E7-AB51-FB457DC76E42}.Ad-Hoc|Any CPU.ActiveCfg = Release|x86
		{3367ECE8-93FB-40E7-AB51-FB457DC76E42}.Ad-Hoc|Any CPU.Build.0 = Release|x86
		{3367ECE8-93FB-40E7-AB51-FB457DC76E42}.Ad-Hoc|Any CPU.Deploy.0 = Release|x86
		{3367ECE8-93FB-40E7-AB51-FB457DC76E42}.Ad-Hoc|ARM.ActiveCfg = Release|ARM
		{3367ECE8-93FB-40E7-AB51-FB457DC76E42}.Ad-Hoc|ARM.Build.0 = Release|ARM
		{3367ECE8-93FB-40E7-AB51-FB457DC76E42}.Ad-Hoc|ARM.Deploy.0 = Release|ARM
		{3367ECE8-93FB-40E7-AB51-FB457DC76E42}.Ad-Hoc|iPhone.ActiveCfg = Release|x86
		{3367ECE8-93FB-40E7-AB51-FB457DC76E42}.Ad-Hoc|iPhone.Build.0 = Release|x86
		{3367ECE8-93FB-40E7-AB51-FB457DC76E42}.Ad-Hoc|iPhone.Deploy.0 = Release|x86
		{3367ECE8-93FB-40E7-AB51-FB457DC76E42}.Ad-Hoc|iPhoneSimulator.ActiveCfg = Release|x86
		{3367ECE8-93FB-40E7-AB51-FB457DC76E42}.Ad-Hoc|iPhoneSimulator.Build.0 = Release|x86
		{3367ECE8-93FB-40E7-AB51-FB457DC76E42}.Ad-Hoc|iPhoneSimulator.Deploy.0 = Release|x86
		{3367ECE8-93FB-40E7-AB51-FB457DC76E42}.Ad-Hoc|x64.ActiveCfg = Release|x64
		{3367ECE8-93FB-40E7-AB51-FB457DC76E42}.Ad-Hoc|x64.Build.0 = Release|x64
		{3367ECE8-93FB-40E7-AB51-FB457DC76E42}.Ad-Hoc|x64.Deploy.0 = Release|x64
		{3367ECE8-93FB-40E7-AB51-FB457DC76E42}.Ad-Hoc|x86.ActiveCfg = Release|x86
		{3367ECE8-93FB-40E7-AB51-FB457DC76E42}.Ad-Hoc|x86.Build.0 = Release|x86
		{3367ECE8-93FB-40E7-AB51-FB457DC76E42}.Ad-Hoc|x86.Deploy.0 = Release|x86
		{3367ECE8-93FB-40E7-AB51-FB457DC76E42}.AppStore|Any CPU.ActiveCfg = Release|x86
		{3367ECE8-93FB-40E7-AB51-FB457DC76E42}.AppStore|Any CPU.Build.0 = Release|x86
		{3367ECE8-93FB-40E7-AB51-FB457DC76E42}.AppStore|Any CPU.Deploy.0 = Release|x86
		{3367ECE8-93FB-40E7-AB51-FB457DC76E42}.AppStore|ARM.ActiveCfg = Release|ARM
		{3367ECE8-93FB-40E7-AB51-FB457DC76E42}.AppStore|ARM.Build.0 = Release|ARM
		{3367ECE8-93FB-40E7-AB51-FB457DC76E42}.AppStore|ARM.Deploy.0 = Release|ARM
		{3367ECE8-93FB-40E7-AB51-FB457DC76E42}.AppStore|iPhone.ActiveCfg = Release|x86
		{3367ECE8-93FB-40E7-AB51-FB457DC76E42}.AppStore|iPhone.Build.0 = Release|x86
		{3367ECE8-93FB-40E7-AB51-FB457DC76E42}.AppStore|iPhone.Deploy.0 = Release|x86
		{3367ECE8-93FB-40E7-AB51-FB457DC76E42}.AppStore|iPhoneSimulator.ActiveCfg = Release|x86
		{3367ECE8-93FB-40E7-AB51-FB457DC76E42}.AppStore|iPhoneSimulator.Build.0 = Release|x86
		{3367ECE8-93FB-40E7-AB51-FB457DC76E42}.AppStore|iPhoneSimulator.Deploy.0 = Release|x86
		{3367ECE8-93FB-40E7-AB51-FB457DC76E42}.AppStore|x64.ActiveCfg = Release|x64
		{3367ECE8-93FB-40E7-AB51-FB457DC76E42}.AppStore|x64.Build.0 = Release|x64
		{3367ECE8-93FB-40E7-AB51-FB457DC76E42}.AppStore|x64.Deploy.0 = Release|x64
		{3367ECE8-93FB-40E7-AB51-FB457DC76E42}.AppStore|x86.ActiveCfg = Release|x86
		{3367ECE8-93FB-40E7-AB51-FB457DC76E42}.AppStore|x86.Build.0 = Release|x86
		{3367ECE8-93FB-40E7-AB51-FB457DC76E42}.AppStore|x86.Deploy.0 = Release|x86
		{3367ECE8-93FB-40E7-AB51-FB457DC76E42}.Debug|Any CPU.ActiveCfg = Debug|x86
		{3367ECE8-93FB-40E7-AB51-FB457DC76E42}.Debug|ARM.ActiveCfg = Debug|ARM
		{3367ECE8-93FB-40E7-AB51-FB457DC76E42}.Debug|ARM.Build.0 = Debug|ARM
		{3367ECE8-93FB-40E7-AB51-FB457DC76E42}.Debug|ARM.Deploy.0 = Debug|ARM
		{3367ECE8-93FB-40E7-AB51-FB457DC76E42}.Debug|iPhone.ActiveCfg = Debug|x86
		{3367ECE8-93FB-40E7-AB51-FB457DC76E42}.Debug|iPhoneSimulator.ActiveCfg = Debug|x86
		{3367ECE8-93FB-40E7-AB51-FB457DC76E42}.Debug|x64.ActiveCfg = Debug|x64
		{3367ECE8-93FB-40E7-AB51-FB457DC76E42}.Debug|x64.Build.0 = Debug|x64
		{3367ECE8-93FB-40E7-AB51-FB457DC76E42}.Debug|x64.Deploy.0 = Debug|x64
		{3367ECE8-93FB-40E7-AB51-FB457DC76E42}.Debug|x86.ActiveCfg = Debug|x86
		{3367ECE8-93FB-40E7-AB51-FB457DC76E42}.Debug|x86.Build.0 = Debug|x86
		{3367ECE8-93FB-40E7-AB51-FB457DC76E42}.Debug|x86.Deploy.0 = Debug|x86
		{3367ECE8-93FB-40E7-AB51-FB457DC76E42}.Release|Any CPU.ActiveCfg = Release|x86
		{3367ECE8-93FB-40E7-AB51-FB457DC76E42}.Release|ARM.ActiveCfg = Release|ARM
		{3367ECE8-93FB-40E7-AB51-FB457DC76E42}.Release|ARM.Build.0 = Release|ARM
		{3367ECE8-93FB-40E7-AB51-FB457DC76E42}.Release|ARM.Deploy.0 = Release|ARM
		{3367ECE8-93FB-40E7-AB51-FB457DC76E42}.Release|iPhone.ActiveCfg = Release|x86
		{3367ECE8-93FB-40E7-AB51-FB457DC76E42}.Release|iPhoneSimulator.ActiveCfg = Release|x86
		{3367ECE8-93FB-40E7-AB51-FB457DC76E42}.Release|x64.ActiveCfg = Release|x64
		{3367ECE8-93FB-40E7-AB51-FB457DC76E42}.Release|x64.Build.0 = Release|x64
		{3367ECE8-93FB-40E7-AB51-FB457DC76E42}.Release|x64.Deploy.0 = Release|x64
		{3367ECE8-93FB-40E7-AB51-FB457DC76E42}.Release|x86.ActiveCfg = Release|x86
		{3367ECE8-93FB-40E7-AB51-FB457DC76E42}.Release|x86.Build.0 = Release|x86
		{3367ECE8-93FB-40E7-AB51-FB457DC76E42}.Release|x86.Deploy.0 = Release|x86
		{53B5C9FF-14C2-4C17-802D-50FE2EA483D7}.Ad-Hoc|Any CPU.ActiveCfg = Release|Any CPU
		{53B5C9FF-14C2-4C17-802D-50FE2EA483D7}.Ad-Hoc|Any CPU.Build.0 = Release|Any CPU
		{53B5C9FF-14C2-4C17-802D-50FE2EA483D7}.Ad-Hoc|ARM.ActiveCfg = Release|Any CPU
		{53B5C9FF-14C2-4C17-802D-50FE2EA483D7}.Ad-Hoc|ARM.Build.0 = Release|Any CPU
		{53B5C9FF-14C2-4C17-802D-50FE2EA483D7}.Ad-Hoc|iPhone.ActiveCfg = Release|Any CPU
		{53B5C9FF-14C2-4C17-802D-50FE2EA483D7}.Ad-Hoc|iPhone.Build.0 = Release|Any CPU
		{53B5C9FF-14C2-4C17-802D-50FE2EA483D7}.Ad-Hoc|iPhoneSimulator.ActiveCfg = Release|Any CPU
		{53B5C9FF-14C2-4C17-802D-50FE2EA483D7}.Ad-Hoc|iPhoneSimulator.Build.0 = Release|Any CPU
		{53B5C9FF-14C2-4C17-802D-50FE2EA483D7}.Ad-Hoc|x64.ActiveCfg = Release|Any CPU
		{53B5C9FF-14C2-4C17-802D-50FE2EA483D7}.Ad-Hoc|x64.Build.0 = Release|Any CPU
		{53B5C9FF-14C2-4C17-802D-50FE2EA483D7}.Ad-Hoc|x86.ActiveCfg = Release|Any CPU
		{53B5C9FF-14C2-4C17-802D-50FE2EA483D7}.Ad-Hoc|x86.Build.0 = Release|Any CPU
		{53B5C9FF-14C2-4C17-802D-50FE2EA483D7}.AppStore|Any CPU.ActiveCfg = Release|Any CPU
		{53B5C9FF-14C2-4C17-802D-50FE2EA483D7}.AppStore|Any CPU.Build.0 = Release|Any CPU
		{53B5C9FF-14C2-4C17-802D-50FE2EA483D7}.AppStore|ARM.ActiveCfg = Release|Any CPU
		{53B5C9FF-14C2-4C17-802D-50FE2EA483D7}.AppStore|ARM.Build.0 = Release|Any CPU
		{53B5C9FF-14C2-4C17-802D-50FE2EA483D7}.AppStore|iPhone.ActiveCfg = Release|Any CPU
		{53B5C9FF-14C2-4C17-802D-50FE2EA483D7}.AppStore|iPhone.Build.0 = Release|Any CPU
		{53B5C9FF-14C2-4C17-802D-50FE2EA483D7}.AppStore|iPhoneSimulator.ActiveCfg = Release|Any CPU
		{53B5C9FF-14C2-4C17-802D-50FE2EA483D7}.AppStore|iPhoneSimulator.Build.0 = Release|Any CPU
		{53B5C9FF-14C2-4C17-802D-50FE2EA483D7}.AppStore|x64.ActiveCfg = Release|Any CPU
		{53B5C9FF-14C2-4C17-802D-50FE2EA483D7}.AppStore|x64.Build.0 = Release|Any CPU
		{53B5C9FF-14C2-4C17-802D-50FE2EA483D7}.AppStore|x86.ActiveCfg = Release|Any CPU
		{53B5C9FF-14C2-4C17-802D-50FE2EA483D7}.AppStore|x86.Build.0 = Release|Any CPU
		{53B5C9FF-14C2-4C17-802D-50FE2EA483D7}.Debug|Any CPU.ActiveCfg = Debug|Any CPU
		{53B5C9FF-14C2-4C17-802D-50FE2EA483D7}.Debug|Any CPU.Build.0 = Debug|Any CPU
		{53B5C9FF-14C2-4C17-802D-50FE2EA483D7}.Debug|ARM.ActiveCfg = Debug|Any CPU
		{53B5C9FF-14C2-4C17-802D-50FE2EA483D7}.Debug|ARM.Build.0 = Debug|Any CPU
		{53B5C9FF-14C2-4C17-802D-50FE2EA483D7}.Debug|iPhone.ActiveCfg = Debug|Any CPU
		{53B5C9FF-14C2-4C17-802D-50FE2EA483D7}.Debug|iPhone.Build.0 = Debug|Any CPU
		{53B5C9FF-14C2-4C17-802D-50FE2EA483D7}.Debug|iPhoneSimulator.ActiveCfg = Debug|Any CPU
		{53B5C9FF-14C2-4C17-802D-50FE2EA483D7}.Debug|iPhoneSimulator.Build.0 = Debug|Any CPU
		{53B5C9FF-14C2-4C17-802D-50FE2EA483D7}.Debug|x64.ActiveCfg = Debug|Any CPU
		{53B5C9FF-14C2-4C17-802D-50FE2EA483D7}.Debug|x64.Build.0 = Debug|Any CPU
		{53B5C9FF-14C2-4C17-802D-50FE2EA483D7}.Debug|x86.ActiveCfg = Debug|Any CPU
		{53B5C9FF-14C2-4C17-802D-50FE2EA483D7}.Debug|x86.Build.0 = Debug|Any CPU
		{53B5C9FF-14C2-4C17-802D-50FE2EA483D7}.Release|Any CPU.ActiveCfg = Release|Any CPU
		{53B5C9FF-14C2-4C17-802D-50FE2EA483D7}.Release|Any CPU.Build.0 = Release|Any CPU
		{53B5C9FF-14C2-4C17-802D-50FE2EA483D7}.Release|ARM.ActiveCfg = Release|Any CPU
		{53B5C9FF-14C2-4C17-802D-50FE2EA483D7}.Release|ARM.Build.0 = Release|Any CPU
		{53B5C9FF-14C2-4C17-802D-50FE2EA483D7}.Release|iPhone.ActiveCfg = Release|Any CPU
		{53B5C9FF-14C2-4C17-802D-50FE2EA483D7}.Release|iPhone.Build.0 = Release|Any CPU
		{53B5C9FF-14C2-4C17-802D-50FE2EA483D7}.Release|iPhoneSimulator.ActiveCfg = Release|Any CPU
		{53B5C9FF-14C2-4C17-802D-50FE2EA483D7}.Release|iPhoneSimulator.Build.0 = Release|Any CPU
		{53B5C9FF-14C2-4C17-802D-50FE2EA483D7}.Release|x64.ActiveCfg = Release|Any CPU
		{53B5C9FF-14C2-4C17-802D-50FE2EA483D7}.Release|x64.Build.0 = Release|Any CPU
		{53B5C9FF-14C2-4C17-802D-50FE2EA483D7}.Release|x86.ActiveCfg = Release|Any CPU
		{53B5C9FF-14C2-4C17-802D-50FE2EA483D7}.Release|x86.Build.0 = Release|Any CPU
		{893747A4-FB6F-408A-9252-58D3882DBF95}.Ad-Hoc|Any CPU.ActiveCfg = Release|Any CPU
		{893747A4-FB6F-408A-9252-58D3882DBF95}.Ad-Hoc|Any CPU.Build.0 = Release|Any CPU
		{893747A4-FB6F-408A-9252-58D3882DBF95}.Ad-Hoc|ARM.ActiveCfg = Release|Any CPU
		{893747A4-FB6F-408A-9252-58D3882DBF95}.Ad-Hoc|ARM.Build.0 = Release|Any CPU
		{893747A4-FB6F-408A-9252-58D3882DBF95}.Ad-Hoc|iPhone.ActiveCfg = Release|Any CPU
		{893747A4-FB6F-408A-9252-58D3882DBF95}.Ad-Hoc|iPhone.Build.0 = Release|Any CPU
		{893747A4-FB6F-408A-9252-58D3882DBF95}.Ad-Hoc|iPhoneSimulator.ActiveCfg = Release|Any CPU
		{893747A4-FB6F-408A-9252-58D3882DBF95}.Ad-Hoc|iPhoneSimulator.Build.0 = Release|Any CPU
		{893747A4-FB6F-408A-9252-58D3882DBF95}.Ad-Hoc|x64.ActiveCfg = Release|Any CPU
		{893747A4-FB6F-408A-9252-58D3882DBF95}.Ad-Hoc|x64.Build.0 = Release|Any CPU
		{893747A4-FB6F-408A-9252-58D3882DBF95}.Ad-Hoc|x86.ActiveCfg = Release|Any CPU
		{893747A4-FB6F-408A-9252-58D3882DBF95}.Ad-Hoc|x86.Build.0 = Release|Any CPU
		{893747A4-FB6F-408A-9252-58D3882DBF95}.AppStore|Any CPU.ActiveCfg = Release|Any CPU
		{893747A4-FB6F-408A-9252-58D3882DBF95}.AppStore|Any CPU.Build.0 = Release|Any CPU
		{893747A4-FB6F-408A-9252-58D3882DBF95}.AppStore|ARM.ActiveCfg = Release|Any CPU
		{893747A4-FB6F-408A-9252-58D3882DBF95}.AppStore|ARM.Build.0 = Release|Any CPU
		{893747A4-FB6F-408A-9252-58D3882DBF95}.AppStore|iPhone.ActiveCfg = Release|Any CPU
		{893747A4-FB6F-408A-9252-58D3882DBF95}.AppStore|iPhone.Build.0 = Release|Any CPU
		{893747A4-FB6F-408A-9252-58D3882DBF95}.AppStore|iPhoneSimulator.ActiveCfg = Release|Any CPU
		{893747A4-FB6F-408A-9252-58D3882DBF95}.AppStore|iPhoneSimulator.Build.0 = Release|Any CPU
		{893747A4-FB6F-408A-9252-58D3882DBF95}.AppStore|x64.ActiveCfg = Release|Any CPU
		{893747A4-FB6F-408A-9252-58D3882DBF95}.AppStore|x64.Build.0 = Release|Any CPU
		{893747A4-FB6F-408A-9252-58D3882DBF95}.AppStore|x86.ActiveCfg = Release|Any CPU
		{893747A4-FB6F-408A-9252-58D3882DBF95}.AppStore|x86.Build.0 = Release|Any CPU
		{893747A4-FB6F-408A-9252-58D3882DBF95}.Debug|Any CPU.ActiveCfg = Debug|Any CPU
		{893747A4-FB6F-408A-9252-58D3882DBF95}.Debug|Any CPU.Build.0 = Debug|Any CPU
		{893747A4-FB6F-408A-9252-58D3882DBF95}.Debug|ARM.ActiveCfg = Debug|Any CPU
		{893747A4-FB6F-408A-9252-58D3882DBF95}.Debug|ARM.Build.0 = Debug|Any CPU
		{893747A4-FB6F-408A-9252-58D3882DBF95}.Debug|iPhone.ActiveCfg = Debug|Any CPU
		{893747A4-FB6F-408A-9252-58D3882DBF95}.Debug|iPhone.Build.0 = Debug|Any CPU
		{893747A4-FB6F-408A-9252-58D3882DBF95}.Debug|iPhoneSimulator.ActiveCfg = Debug|Any CPU
		{893747A4-FB6F-408A-9252-58D3882DBF95}.Debug|iPhoneSimulator.Build.0 = Debug|Any CPU
		{893747A4-FB6F-408A-9252-58D3882DBF95}.Debug|x64.ActiveCfg = Debug|Any CPU
		{893747A4-FB6F-408A-9252-58D3882DBF95}.Debug|x64.Build.0 = Debug|Any CPU
		{893747A4-FB6F-408A-9252-58D3882DBF95}.Debug|x86.ActiveCfg = Debug|Any CPU
		{893747A4-FB6F-408A-9252-58D3882DBF95}.Debug|x86.Build.0 = Debug|Any CPU
		{893747A4-FB6F-408A-9252-58D3882DBF95}.Release|Any CPU.ActiveCfg = Release|Any CPU
		{893747A4-FB6F-408A-9252-58D3882DBF95}.Release|Any CPU.Build.0 = Release|Any CPU
		{893747A4-FB6F-408A-9252-58D3882DBF95}.Release|ARM.ActiveCfg = Release|Any CPU
		{893747A4-FB6F-408A-9252-58D3882DBF95}.Release|ARM.Build.0 = Release|Any CPU
		{893747A4-FB6F-408A-9252-58D3882DBF95}.Release|iPhone.ActiveCfg = Release|Any CPU
		{893747A4-FB6F-408A-9252-58D3882DBF95}.Release|iPhone.Build.0 = Release|Any CPU
		{893747A4-FB6F-408A-9252-58D3882DBF95}.Release|iPhoneSimulator.ActiveCfg = Release|Any CPU
		{893747A4-FB6F-408A-9252-58D3882DBF95}.Release|iPhoneSimulator.Build.0 = Release|Any CPU
		{893747A4-FB6F-408A-9252-58D3882DBF95}.Release|x64.ActiveCfg = Release|Any CPU
		{893747A4-FB6F-408A-9252-58D3882DBF95}.Release|x64.Build.0 = Release|Any CPU
		{893747A4-FB6F-408A-9252-58D3882DBF95}.Release|x86.ActiveCfg = Release|Any CPU
		{893747A4-FB6F-408A-9252-58D3882DBF95}.Release|x86.Build.0 = Release|Any CPU
		{BC4191E6-23D1-46B7-B2D1-DF5F44F082C2}.Ad-Hoc|Any CPU.ActiveCfg = Release|Any CPU
		{BC4191E6-23D1-46B7-B2D1-DF5F44F082C2}.Ad-Hoc|Any CPU.Build.0 = Release|Any CPU
		{BC4191E6-23D1-46B7-B2D1-DF5F44F082C2}.Ad-Hoc|ARM.ActiveCfg = Release|Any CPU
		{BC4191E6-23D1-46B7-B2D1-DF5F44F082C2}.Ad-Hoc|ARM.Build.0 = Release|Any CPU
		{BC4191E6-23D1-46B7-B2D1-DF5F44F082C2}.Ad-Hoc|iPhone.ActiveCfg = Release|Any CPU
		{BC4191E6-23D1-46B7-B2D1-DF5F44F082C2}.Ad-Hoc|iPhone.Build.0 = Release|Any CPU
		{BC4191E6-23D1-46B7-B2D1-DF5F44F082C2}.Ad-Hoc|iPhoneSimulator.ActiveCfg = Release|Any CPU
		{BC4191E6-23D1-46B7-B2D1-DF5F44F082C2}.Ad-Hoc|iPhoneSimulator.Build.0 = Release|Any CPU
		{BC4191E6-23D1-46B7-B2D1-DF5F44F082C2}.Ad-Hoc|x64.ActiveCfg = Release|Any CPU
		{BC4191E6-23D1-46B7-B2D1-DF5F44F082C2}.Ad-Hoc|x64.Build.0 = Release|Any CPU
		{BC4191E6-23D1-46B7-B2D1-DF5F44F082C2}.Ad-Hoc|x86.ActiveCfg = Release|Any CPU
		{BC4191E6-23D1-46B7-B2D1-DF5F44F082C2}.Ad-Hoc|x86.Build.0 = Release|Any CPU
		{BC4191E6-23D1-46B7-B2D1-DF5F44F082C2}.AppStore|Any CPU.ActiveCfg = Release|Any CPU
		{BC4191E6-23D1-46B7-B2D1-DF5F44F082C2}.AppStore|Any CPU.Build.0 = Release|Any CPU
		{BC4191E6-23D1-46B7-B2D1-DF5F44F082C2}.AppStore|ARM.ActiveCfg = Release|Any CPU
		{BC4191E6-23D1-46B7-B2D1-DF5F44F082C2}.AppStore|ARM.Build.0 = Release|Any CPU
		{BC4191E6-23D1-46B7-B2D1-DF5F44F082C2}.AppStore|iPhone.ActiveCfg = Release|Any CPU
		{BC4191E6-23D1-46B7-B2D1-DF5F44F082C2}.AppStore|iPhone.Build.0 = Release|Any CPU
		{BC4191E6-23D1-46B7-B2D1-DF5F44F082C2}.AppStore|iPhoneSimulator.ActiveCfg = Release|Any CPU
		{BC4191E6-23D1-46B7-B2D1-DF5F44F082C2}.AppStore|iPhoneSimulator.Build.0 = Release|Any CPU
		{BC4191E6-23D1-46B7-B2D1-DF5F44F082C2}.AppStore|x64.ActiveCfg = Release|Any CPU
		{BC4191E6-23D1-46B7-B2D1-DF5F44F082C2}.AppStore|x64.Build.0 = Release|Any CPU
		{BC4191E6-23D1-46B7-B2D1-DF5F44F082C2}.AppStore|x86.ActiveCfg = Release|Any CPU
		{BC4191E6-23D1-46B7-B2D1-DF5F44F082C2}.AppStore|x86.Build.0 = Release|Any CPU
		{BC4191E6-23D1-46B7-B2D1-DF5F44F082C2}.Debug|Any CPU.ActiveCfg = Debug|Any CPU
		{BC4191E6-23D1-46B7-B2D1-DF5F44F082C2}.Debug|Any CPU.Build.0 = Debug|Any CPU
		{BC4191E6-23D1-46B7-B2D1-DF5F44F082C2}.Debug|Any CPU.Deploy.0 = Debug|Any CPU
		{BC4191E6-23D1-46B7-B2D1-DF5F44F082C2}.Debug|ARM.ActiveCfg = Debug|Any CPU
		{BC4191E6-23D1-46B7-B2D1-DF5F44F082C2}.Debug|ARM.Build.0 = Debug|Any CPU
		{BC4191E6-23D1-46B7-B2D1-DF5F44F082C2}.Debug|iPhone.ActiveCfg = Debug|Any CPU
		{BC4191E6-23D1-46B7-B2D1-DF5F44F082C2}.Debug|iPhone.Build.0 = Debug|Any CPU
		{BC4191E6-23D1-46B7-B2D1-DF5F44F082C2}.Debug|iPhoneSimulator.ActiveCfg = Debug|Any CPU
		{BC4191E6-23D1-46B7-B2D1-DF5F44F082C2}.Debug|iPhoneSimulator.Build.0 = Debug|Any CPU
		{BC4191E6-23D1-46B7-B2D1-DF5F44F082C2}.Debug|x64.ActiveCfg = Debug|Any CPU
		{BC4191E6-23D1-46B7-B2D1-DF5F44F082C2}.Debug|x64.Build.0 = Debug|Any CPU
		{BC4191E6-23D1-46B7-B2D1-DF5F44F082C2}.Debug|x86.ActiveCfg = Debug|Any CPU
		{BC4191E6-23D1-46B7-B2D1-DF5F44F082C2}.Debug|x86.Build.0 = Debug|Any CPU
		{BC4191E6-23D1-46B7-B2D1-DF5F44F082C2}.Release|Any CPU.ActiveCfg = Release|Any CPU
		{BC4191E6-23D1-46B7-B2D1-DF5F44F082C2}.Release|Any CPU.Build.0 = Release|Any CPU
		{BC4191E6-23D1-46B7-B2D1-DF5F44F082C2}.Release|Any CPU.Deploy.0 = Release|Any CPU
		{BC4191E6-23D1-46B7-B2D1-DF5F44F082C2}.Release|ARM.ActiveCfg = Release|Any CPU
		{BC4191E6-23D1-46B7-B2D1-DF5F44F082C2}.Release|ARM.Build.0 = Release|Any CPU
		{BC4191E6-23D1-46B7-B2D1-DF5F44F082C2}.Release|iPhone.ActiveCfg = Release|Any CPU
		{BC4191E6-23D1-46B7-B2D1-DF5F44F082C2}.Release|iPhone.Build.0 = Release|Any CPU
		{BC4191E6-23D1-46B7-B2D1-DF5F44F082C2}.Release|iPhoneSimulator.ActiveCfg = Release|Any CPU
		{BC4191E6-23D1-46B7-B2D1-DF5F44F082C2}.Release|iPhoneSimulator.Build.0 = Release|Any CPU
		{BC4191E6-23D1-46B7-B2D1-DF5F44F082C2}.Release|x64.ActiveCfg = Release|Any CPU
		{BC4191E6-23D1-46B7-B2D1-DF5F44F082C2}.Release|x64.Build.0 = Release|Any CPU
		{BC4191E6-23D1-46B7-B2D1-DF5F44F082C2}.Release|x86.ActiveCfg = Release|Any CPU
		{BC4191E6-23D1-46B7-B2D1-DF5F44F082C2}.Release|x86.Build.0 = Release|Any CPU
		{7C2394EC-4D54-49DD-97BC-E4D755335AF4}.Ad-Hoc|Any CPU.ActiveCfg = Release|Any CPU
		{7C2394EC-4D54-49DD-97BC-E4D755335AF4}.Ad-Hoc|Any CPU.Build.0 = Release|Any CPU
		{7C2394EC-4D54-49DD-97BC-E4D755335AF4}.Ad-Hoc|ARM.ActiveCfg = Release|Any CPU
		{7C2394EC-4D54-49DD-97BC-E4D755335AF4}.Ad-Hoc|ARM.Build.0 = Release|Any CPU
		{7C2394EC-4D54-49DD-97BC-E4D755335AF4}.Ad-Hoc|iPhone.ActiveCfg = Release|Any CPU
		{7C2394EC-4D54-49DD-97BC-E4D755335AF4}.Ad-Hoc|iPhone.Build.0 = Release|Any CPU
		{7C2394EC-4D54-49DD-97BC-E4D755335AF4}.Ad-Hoc|iPhoneSimulator.ActiveCfg = Release|Any CPU
		{7C2394EC-4D54-49DD-97BC-E4D755335AF4}.Ad-Hoc|iPhoneSimulator.Build.0 = Release|Any CPU
		{7C2394EC-4D54-49DD-97BC-E4D755335AF4}.Ad-Hoc|x64.ActiveCfg = Release|Any CPU
		{7C2394EC-4D54-49DD-97BC-E4D755335AF4}.Ad-Hoc|x64.Build.0 = Release|Any CPU
		{7C2394EC-4D54-49DD-97BC-E4D755335AF4}.Ad-Hoc|x86.ActiveCfg = Release|Any CPU
		{7C2394EC-4D54-49DD-97BC-E4D755335AF4}.Ad-Hoc|x86.Build.0 = Release|Any CPU
		{7C2394EC-4D54-49DD-97BC-E4D755335AF4}.AppStore|Any CPU.ActiveCfg = Release|Any CPU
		{7C2394EC-4D54-49DD-97BC-E4D755335AF4}.AppStore|Any CPU.Build.0 = Release|Any CPU
		{7C2394EC-4D54-49DD-97BC-E4D755335AF4}.AppStore|ARM.ActiveCfg = Release|Any CPU
		{7C2394EC-4D54-49DD-97BC-E4D755335AF4}.AppStore|ARM.Build.0 = Release|Any CPU
		{7C2394EC-4D54-49DD-97BC-E4D755335AF4}.AppStore|iPhone.ActiveCfg = Release|Any CPU
		{7C2394EC-4D54-49DD-97BC-E4D755335AF4}.AppStore|iPhone.Build.0 = Release|Any CPU
		{7C2394EC-4D54-49DD-97BC-E4D755335AF4}.AppStore|iPhoneSimulator.ActiveCfg = Release|Any CPU
		{7C2394EC-4D54-49DD-97BC-E4D755335AF4}.AppStore|iPhoneSimulator.Build.0 = Release|Any CPU
		{7C2394EC-4D54-49DD-97BC-E4D755335AF4}.AppStore|x64.ActiveCfg = Release|Any CPU
		{7C2394EC-4D54-49DD-97BC-E4D755335AF4}.AppStore|x64.Build.0 = Release|Any CPU
		{7C2394EC-4D54-49DD-97BC-E4D755335AF4}.AppStore|x86.ActiveCfg = Release|Any CPU
		{7C2394EC-4D54-49DD-97BC-E4D755335AF4}.AppStore|x86.Build.0 = Release|Any CPU
		{7C2394EC-4D54-49DD-97BC-E4D755335AF4}.Debug|Any CPU.ActiveCfg = Debug|Any CPU
		{7C2394EC-4D54-49DD-97BC-E4D755335AF4}.Debug|Any CPU.Build.0 = Debug|Any CPU
		{7C2394EC-4D54-49DD-97BC-E4D755335AF4}.Debug|ARM.ActiveCfg = Debug|Any CPU
		{7C2394EC-4D54-49DD-97BC-E4D755335AF4}.Debug|ARM.Build.0 = Debug|Any CPU
		{7C2394EC-4D54-49DD-97BC-E4D755335AF4}.Debug|iPhone.ActiveCfg = Debug|Any CPU
		{7C2394EC-4D54-49DD-97BC-E4D755335AF4}.Debug|iPhone.Build.0 = Debug|Any CPU
		{7C2394EC-4D54-49DD-97BC-E4D755335AF4}.Debug|iPhoneSimulator.ActiveCfg = Debug|Any CPU
		{7C2394EC-4D54-49DD-97BC-E4D755335AF4}.Debug|iPhoneSimulator.Build.0 = Debug|Any CPU
		{7C2394EC-4D54-49DD-97BC-E4D755335AF4}.Debug|x64.ActiveCfg = Debug|Any CPU
		{7C2394EC-4D54-49DD-97BC-E4D755335AF4}.Debug|x64.Build.0 = Debug|Any CPU
		{7C2394EC-4D54-49DD-97BC-E4D755335AF4}.Debug|x86.ActiveCfg = Debug|Any CPU
		{7C2394EC-4D54-49DD-97BC-E4D755335AF4}.Debug|x86.Build.0 = Debug|Any CPU
		{7C2394EC-4D54-49DD-97BC-E4D755335AF4}.Release|Any CPU.ActiveCfg = Release|Any CPU
		{7C2394EC-4D54-49DD-97BC-E4D755335AF4}.Release|Any CPU.Build.0 = Release|Any CPU
		{7C2394EC-4D54-49DD-97BC-E4D755335AF4}.Release|ARM.ActiveCfg = Release|Any CPU
		{7C2394EC-4D54-49DD-97BC-E4D755335AF4}.Release|ARM.Build.0 = Release|Any CPU
		{7C2394EC-4D54-49DD-97BC-E4D755335AF4}.Release|iPhone.ActiveCfg = Release|Any CPU
		{7C2394EC-4D54-49DD-97BC-E4D755335AF4}.Release|iPhone.Build.0 = Release|Any CPU
		{7C2394EC-4D54-49DD-97BC-E4D755335AF4}.Release|iPhoneSimulator.ActiveCfg = Release|Any CPU
		{7C2394EC-4D54-49DD-97BC-E4D755335AF4}.Release|iPhoneSimulator.Build.0 = Release|Any CPU
		{7C2394EC-4D54-49DD-97BC-E4D755335AF4}.Release|x64.ActiveCfg = Release|Any CPU
		{7C2394EC-4D54-49DD-97BC-E4D755335AF4}.Release|x64.Build.0 = Release|Any CPU
		{7C2394EC-4D54-49DD-97BC-E4D755335AF4}.Release|x86.ActiveCfg = Release|Any CPU
		{7C2394EC-4D54-49DD-97BC-E4D755335AF4}.Release|x86.Build.0 = Release|Any CPU
		{F69E36D5-F3C4-4F9B-AD1F-94C1E7ADB69F}.Ad-Hoc|Any CPU.ActiveCfg = Release|x64
		{F69E36D5-F3C4-4F9B-AD1F-94C1E7ADB69F}.Ad-Hoc|Any CPU.Build.0 = Release|x64
		{F69E36D5-F3C4-4F9B-AD1F-94C1E7ADB69F}.Ad-Hoc|Any CPU.Deploy.0 = Release|x64
		{F69E36D5-F3C4-4F9B-AD1F-94C1E7ADB69F}.Ad-Hoc|ARM.ActiveCfg = Release|ARM
		{F69E36D5-F3C4-4F9B-AD1F-94C1E7ADB69F}.Ad-Hoc|ARM.Build.0 = Release|ARM
		{F69E36D5-F3C4-4F9B-AD1F-94C1E7ADB69F}.Ad-Hoc|ARM.Deploy.0 = Release|ARM
		{F69E36D5-F3C4-4F9B-AD1F-94C1E7ADB69F}.Ad-Hoc|ARM64.ActiveCfg = Release|ARM64
		{F69E36D5-F3C4-4F9B-AD1F-94C1E7ADB69F}.Ad-Hoc|ARM64.Build.0 = Release|ARM64
		{F69E36D5-F3C4-4F9B-AD1F-94C1E7ADB69F}.Ad-Hoc|ARM64.Deploy.0 = Release|ARM64
		{F69E36D5-F3C4-4F9B-AD1F-94C1E7ADB69F}.Ad-Hoc|iPhone.ActiveCfg = Release|x64
		{F69E36D5-F3C4-4F9B-AD1F-94C1E7ADB69F}.Ad-Hoc|iPhone.Build.0 = Release|x64
		{F69E36D5-F3C4-4F9B-AD1F-94C1E7ADB69F}.Ad-Hoc|iPhone.Deploy.0 = Release|x64
		{F69E36D5-F3C4-4F9B-AD1F-94C1E7ADB69F}.Ad-Hoc|iPhoneSimulator.ActiveCfg = Release|x64
		{F69E36D5-F3C4-4F9B-AD1F-94C1E7ADB69F}.Ad-Hoc|iPhoneSimulator.Build.0 = Release|x64
		{F69E36D5-F3C4-4F9B-AD1F-94C1E7ADB69F}.Ad-Hoc|iPhoneSimulator.Deploy.0 = Release|x64
		{F69E36D5-F3C4-4F9B-AD1F-94C1E7ADB69F}.Ad-Hoc|x64.ActiveCfg = Release|x64
		{F69E36D5-F3C4-4F9B-AD1F-94C1E7ADB69F}.Ad-Hoc|x64.Build.0 = Release|x64
		{F69E36D5-F3C4-4F9B-AD1F-94C1E7ADB69F}.Ad-Hoc|x64.Deploy.0 = Release|x64
		{F69E36D5-F3C4-4F9B-AD1F-94C1E7ADB69F}.Ad-Hoc|x86.ActiveCfg = Release|x86
		{F69E36D5-F3C4-4F9B-AD1F-94C1E7ADB69F}.Ad-Hoc|x86.Build.0 = Release|x86
		{F69E36D5-F3C4-4F9B-AD1F-94C1E7ADB69F}.Ad-Hoc|x86.Deploy.0 = Release|x86
		{F69E36D5-F3C4-4F9B-AD1F-94C1E7ADB69F}.AppStore|Any CPU.ActiveCfg = Release|x64
		{F69E36D5-F3C4-4F9B-AD1F-94C1E7ADB69F}.AppStore|Any CPU.Build.0 = Release|x64
		{F69E36D5-F3C4-4F9B-AD1F-94C1E7ADB69F}.AppStore|Any CPU.Deploy.0 = Release|x64
		{F69E36D5-F3C4-4F9B-AD1F-94C1E7ADB69F}.AppStore|ARM.ActiveCfg = Release|ARM
		{F69E36D5-F3C4-4F9B-AD1F-94C1E7ADB69F}.AppStore|ARM.Build.0 = Release|ARM
		{F69E36D5-F3C4-4F9B-AD1F-94C1E7ADB69F}.AppStore|ARM.Deploy.0 = Release|ARM
		{F69E36D5-F3C4-4F9B-AD1F-94C1E7ADB69F}.AppStore|ARM64.ActiveCfg = Release|ARM64
		{F69E36D5-F3C4-4F9B-AD1F-94C1E7ADB69F}.AppStore|ARM64.Build.0 = Release|ARM64
		{F69E36D5-F3C4-4F9B-AD1F-94C1E7ADB69F}.AppStore|ARM64.Deploy.0 = Release|ARM64
		{F69E36D5-F3C4-4F9B-AD1F-94C1E7ADB69F}.AppStore|iPhone.ActiveCfg = Release|x64
		{F69E36D5-F3C4-4F9B-AD1F-94C1E7ADB69F}.AppStore|iPhone.Build.0 = Release|x64
		{F69E36D5-F3C4-4F9B-AD1F-94C1E7ADB69F}.AppStore|iPhone.Deploy.0 = Release|x64
		{F69E36D5-F3C4-4F9B-AD1F-94C1E7ADB69F}.AppStore|iPhoneSimulator.ActiveCfg = Release|x64
		{F69E36D5-F3C4-4F9B-AD1F-94C1E7ADB69F}.AppStore|iPhoneSimulator.Build.0 = Release|x64
		{F69E36D5-F3C4-4F9B-AD1F-94C1E7ADB69F}.AppStore|iPhoneSimulator.Deploy.0 = Release|x64
		{F69E36D5-F3C4-4F9B-AD1F-94C1E7ADB69F}.AppStore|x64.ActiveCfg = Release|x64
		{F69E36D5-F3C4-4F9B-AD1F-94C1E7ADB69F}.AppStore|x64.Build.0 = Release|x64
		{F69E36D5-F3C4-4F9B-AD1F-94C1E7ADB69F}.AppStore|x64.Deploy.0 = Release|x64
		{F69E36D5-F3C4-4F9B-AD1F-94C1E7ADB69F}.AppStore|x86.ActiveCfg = Release|x86
		{F69E36D5-F3C4-4F9B-AD1F-94C1E7ADB69F}.AppStore|x86.Build.0 = Release|x86
		{F69E36D5-F3C4-4F9B-AD1F-94C1E7ADB69F}.AppStore|x86.Deploy.0 = Release|x86
		{F69E36D5-F3C4-4F9B-AD1F-94C1E7ADB69F}.Debug|Any CPU.ActiveCfg = Debug|x86
		{F69E36D5-F3C4-4F9B-AD1F-94C1E7ADB69F}.Debug|ARM.ActiveCfg = Debug|ARM
		{F69E36D5-F3C4-4F9B-AD1F-94C1E7ADB69F}.Debug|ARM.Build.0 = Debug|ARM
		{F69E36D5-F3C4-4F9B-AD1F-94C1E7ADB69F}.Debug|ARM.Deploy.0 = Debug|ARM
		{F69E36D5-F3C4-4F9B-AD1F-94C1E7ADB69F}.Debug|ARM64.ActiveCfg = Debug|ARM64
		{F69E36D5-F3C4-4F9B-AD1F-94C1E7ADB69F}.Debug|ARM64.Build.0 = Debug|ARM64
		{F69E36D5-F3C4-4F9B-AD1F-94C1E7ADB69F}.Debug|ARM64.Deploy.0 = Debug|ARM64
		{F69E36D5-F3C4-4F9B-AD1F-94C1E7ADB69F}.Debug|iPhone.ActiveCfg = Debug|x86
		{F69E36D5-F3C4-4F9B-AD1F-94C1E7ADB69F}.Debug|iPhoneSimulator.ActiveCfg = Debug|x86
		{F69E36D5-F3C4-4F9B-AD1F-94C1E7ADB69F}.Debug|x64.ActiveCfg = Debug|x64
		{F69E36D5-F3C4-4F9B-AD1F-94C1E7ADB69F}.Debug|x64.Build.0 = Debug|x64
		{F69E36D5-F3C4-4F9B-AD1F-94C1E7ADB69F}.Debug|x64.Deploy.0 = Debug|x64
		{F69E36D5-F3C4-4F9B-AD1F-94C1E7ADB69F}.Debug|x86.ActiveCfg = Debug|x86
		{F69E36D5-F3C4-4F9B-AD1F-94C1E7ADB69F}.Debug|x86.Build.0 = Debug|x86
		{F69E36D5-F3C4-4F9B-AD1F-94C1E7ADB69F}.Debug|x86.Deploy.0 = Debug|x86
		{F69E36D5-F3C4-4F9B-AD1F-94C1E7ADB69F}.Release|Any CPU.ActiveCfg = Release|x86
		{F69E36D5-F3C4-4F9B-AD1F-94C1E7ADB69F}.Release|ARM.ActiveCfg = Release|ARM
		{F69E36D5-F3C4-4F9B-AD1F-94C1E7ADB69F}.Release|ARM.Build.0 = Release|ARM
		{F69E36D5-F3C4-4F9B-AD1F-94C1E7ADB69F}.Release|ARM.Deploy.0 = Release|ARM
		{F69E36D5-F3C4-4F9B-AD1F-94C1E7ADB69F}.Release|ARM64.ActiveCfg = Release|ARM64
		{F69E36D5-F3C4-4F9B-AD1F-94C1E7ADB69F}.Release|ARM64.Build.0 = Release|ARM64
		{F69E36D5-F3C4-4F9B-AD1F-94C1E7ADB69F}.Release|ARM64.Deploy.0 = Release|ARM64
		{F69E36D5-F3C4-4F9B-AD1F-94C1E7ADB69F}.Release|iPhone.ActiveCfg = Release|x86
		{F69E36D5-F3C4-4F9B-AD1F-94C1E7ADB69F}.Release|iPhoneSimulator.ActiveCfg = Release|x86
		{F69E36D5-F3C4-4F9B-AD1F-94C1E7ADB69F}.Release|x64.ActiveCfg = Release|x64
		{F69E36D5-F3C4-4F9B-AD1F-94C1E7ADB69F}.Release|x64.Build.0 = Release|x64
		{F69E36D5-F3C4-4F9B-AD1F-94C1E7ADB69F}.Release|x64.Deploy.0 = Release|x64
		{F69E36D5-F3C4-4F9B-AD1F-94C1E7ADB69F}.Release|x86.ActiveCfg = Release|x86
		{F69E36D5-F3C4-4F9B-AD1F-94C1E7ADB69F}.Release|x86.Build.0 = Release|x86
		{F69E36D5-F3C4-4F9B-AD1F-94C1E7ADB69F}.Release|x86.Deploy.0 = Release|x86
	EndGlobalSection
	GlobalSection(SolutionProperties) = preSolution
		HideSolutionNode = FALSE
	EndGlobalSection
	GlobalSection(ExtensibilityGlobals) = postSolution
		SolutionGuid = {F6D05029-56B8-4E45-AF2D-0E76295DDBA2}
	EndGlobalSection
EndGlobal
